{
  "name": "pili-rtc-wxapp-demo",
  "version": "1.0.0-beta.0",
  "lockfileVersion": 1,
  "requires": true,
  "dependencies": {
    "events": {
      "version": "3.0.0",
      "resolved": "https://registry.npmjs.org/events/-/events-3.0.0.tgz",
      "integrity": "sha512-Dc381HFWJzEOhQ+d8pkNon++bk9h6cdAoAj4iE6Q4y6xgTzySWXlKn05/TVNpjnfRqi/X0EpJEJohPjNI3zpVA=="
    },
    "js-base64": {
      "version": "2.5.1",
      "resolved": "https://registry.npmjs.org/js-base64/-/js-base64-2.5.1.tgz",
      "integrity": "sha512-M7kLczedRMYX4L8Mdh4MzyAMM9O5osx+4FcOQuTvr3A9F2D9S5JXheN0ewNbrvK2UatkTRhL5ejGmGSjNMiZuw=="
    },
    "pili-rtc-wxapp": {
      "version": "1.0.0-beta.0",
      "resolved": "https://registry.npmjs.org/pili-rtc-wxapp/-/pili-rtc-wxapp-1.0.0-beta.0.tgz",
      "integrity": "sha512-EwwS5800uSDhfQ41GL6FpeO8mdZ+Ambddir58+pV+bMpyUVI6kd5tmlQHNGu5i/IE31XGIisFghN9EkEaOZzeA==",
      "requires": {
        "events": "3.0.0",
        "js-base64": "2.5.1"
      }
    }
  }
}
